
Microsoft Visual Studio Solution File, Format Version 12.00
# Visual Studio Version 16
VisualStudioVersion = 16.0.29926.136
MinimumVisualStudioVersion = 10.0.40219.1
Project("{FAE04EC0-301F-11D3-BF4B-00C04F79EFBC}") = "Task2", "Task2\Task2.csproj", "{8FF11DEE-100A-43A3-8B94-1B5B97400241}"
EndProject
Global
	GlobalSection(SolutionConfigurationPlatforms) = preSolution
		Debug|Any CPU = Debug|Any CPU
		Release|Any CPU = Release|Any CPU
	EndGlobalSection
	GlobalSection(ProjectConfigurationPlatforms) = postSolution
		{8FF11DEE-100A-43A3-8B94-1B5B97400241}.Debug|Any CPU.ActiveCfg = Debug|Any CPU
		{8FF11DEE-100A-43A3-8B94-1B5B97400241}.Debug|Any CPU.Build.0 = Debug|Any CPU
		{8FF11DEE-100A-43A3-8B94-1B5B97400241}.Release|Any CPU.ActiveCfg = Release|Any CPU
		{8FF11DEE-100A-43A3-8B94-1B5B97400241}.Release|Any CPU.Build.0 = Release|Any CPU
	EndGlobalSection
	GlobalSection(SolutionProperties) = preSolution
		HideSolutionNode = FALSE
	EndGlobalSection
	GlobalSection(ExtensibilityGlobals) = postSolution
		SolutionGuid = {E7D5478C-F1CB-438C-8EF4-ACD28EF5AD46}
	EndGlobalSection
EndGlobal
